
Microsoft Visual Studio Solution File, Format Version 12.00
# Visual Studio Version 17
VisualStudioVersion = 17.11.35208.52
MinimumVisualStudioVersion = 10.0.40219.1
Project("{FAE04EC0-301F-11D3-BF4B-00C04F79EFBC}") = "AnimalsShelter", "AnimalsShelter\AnimalsShelter.csproj", "{84255BA2-2835-44DE-A4FC-A89E49EBD3F5}"
EndProject
Project("{FAE04EC0-301F-11D3-BF4B-00C04F79EFBC}") = "Data", "Data\Data.csproj", "{647CB5EF-11E0-4F58-985E-7E57992AB417}"
EndProject
Global
	GlobalSection(SolutionConfigurationPlatforms) = preSolution
		Debug|Any CPU = Debug|Any CPU
		Release|Any CPU = Release|Any CPU
	EndGlobalSection
	GlobalSection(ProjectConfigurationPlatforms) = postSolution
		{84255BA2-2835-44DE-A4FC-A89E49EBD3F5}.Debug|Any CPU.ActiveCfg = Debug|Any CPU
		{84255BA2-2835-44DE-A4FC-A89E49EBD3F5}.Debug|Any CPU.Build.0 = Debug|Any CPU
		{84255BA2-2835-44DE-A4FC-A89E49EBD3F5}.Release|Any CPU.ActiveCfg = Release|Any CPU
		{84255BA2-2835-44DE-A4FC-A89E49EBD3F5}.Release|Any CPU.Build.0 = Release|Any CPU
		{647CB5EF-11E0-4F58-985E-7E57992AB417}.Debug|Any CPU.ActiveCfg = Debug|Any CPU
		{647CB5EF-11E0-4F58-985E-7E57992AB417}.Debug|Any CPU.Build.0 = Debug|Any CPU
		{647CB5EF-11E0-4F58-985E-7E57992AB417}.Release|Any CPU.ActiveCfg = Release|Any CPU
		{647CB5EF-11E0-4F58-985E-7E57992AB417}.Release|Any CPU.Build.0 = Release|Any CPU
	EndGlobalSection
	GlobalSection(SolutionProperties) = preSolution
		HideSolutionNode = FALSE
	EndGlobalSection
	GlobalSection(ExtensibilityGlobals) = postSolution
		SolutionGuid = {238BA17B-8534-4BB5-998B-B8252476D863}
	EndGlobalSection
EndGlobal
